
Microsoft Visual Studio Solution File, Format Version 12.00
# Visual Studio Version 17
VisualStudioVersion = 17.4.33122.133
MinimumVisualStudioVersion = 10.0.40219.1
Project("{FAE04EC0-301F-11D3-BF4B-00C04F79EFBC}") = "Escola_POO_Base", "Escola_POO_Base\Escola_POO_Base.csproj", "{D12A3F0C-7389-49B7-B7AA-E7E2BC125B0C}"
EndProject
Global
	GlobalSection(SolutionConfigurationPlatforms) = preSolution
		Debug|Any CPU = Debug|Any CPU
		Release|Any CPU = Release|Any CPU
	EndGlobalSection
	GlobalSection(ProjectConfigurationPlatforms) = postSolution
		{D12A3F0C-7389-49B7-B7AA-E7E2BC125B0C}.Debug|Any CPU.ActiveCfg = Debug|Any CPU
		{D12A3F0C-7389-49B7-B7AA-E7E2BC125B0C}.Debug|Any CPU.Build.0 = Debug|Any CPU
		{D12A3F0C-7389-49B7-B7AA-E7E2BC125B0C}.Release|Any CPU.ActiveCfg = Release|Any CPU
		{D12A3F0C-7389-49B7-B7AA-E7E2BC125B0C}.Release|Any CPU.Build.0 = Release|Any CPU
	EndGlobalSection
	GlobalSection(SolutionProperties) = preSolution
		HideSolutionNode = FALSE
	EndGlobalSection
	GlobalSection(ExtensibilityGlobals) = postSolution
		SolutionGuid = {7F998906-B84C-4032-8BCF-D16E1FCFEB2E}
	EndGlobalSection
EndGlobal
